// !$*UTF8*$!
{
	archiveVersion = 1;
	classes = {
	};
	objectVersion = 51;
	objects = {

/* Begin PBXBuildFile section */
		EA18DF1625815EF2006A52FF /* AddView.storyboard in Resources */ = {isa = PBXBuildFile; fileRef = EA18DF1525815EF2006A52FF /* AddView.storyboard */; };
		EA18DF18258160F8006A52FF /* AuthView.storyboard in Resources */ = {isa = PBXBuildFile; fileRef = EA18DF17258160F7006A52FF /* AuthView.storyboard */; };
		EA18DF1A25816155006A52FF /* ProfileView.storyboard in Resources */ = {isa = PBXBuildFile; fileRef = EA18DF1925816155006A52FF /* ProfileView.storyboard */; };
		EA18DF2025816564006A52FF /* MainListView.storyboard in Resources */ = {isa = PBXBuildFile; fileRef = EA18DF1F25816564006A52FF /* MainListView.storyboard */; };
		EA18DF22258165A5006A52FF /* ActionView.storyboard in Resources */ = {isa = PBXBuildFile; fileRef = EA18DF21258165A5006A52FF /* ActionView.storyboard */; };
		EA18DF2525816E66006A52FF /* CongratulationsView.storyboard in Resources */ = {isa = PBXBuildFile; fileRef = EA18DF2425816E66006A52FF /* CongratulationsView.storyboard */; };
		EA18DF2725816FAA006A52FF /* FavoriteView.storyboard in Resources */ = {isa = PBXBuildFile; fileRef = EA18DF2625816FAA006A52FF /* FavoriteView.storyboard */; };
		EA18DF2925816FE3006A52FF /* AsanaView.storyboard in Resources */ = {isa = PBXBuildFile; fileRef = EA18DF2825816FE3006A52FF /* AsanaView.storyboard */; };
		EA18DF2C2581745E006A52FF /* Theme.swift in Sources */ = {isa = PBXBuildFile; fileRef = EA18DF2B2581745E006A52FF /* Theme.swift */; };
		EA18DF2E258174EF006A52FF /* ThemeProtocol.swift in Sources */ = {isa = PBXBuildFile; fileRef = EA18DF2D258174EF006A52FF /* ThemeProtocol.swift */; };
		EA18DF3725818429006A52FF /* AsanaController.swift in Sources */ = {isa = PBXBuildFile; fileRef = EA94B049256D960400DFDD0E /* AsanaController.swift */; };
		EA18DF3A25818758006A52FF /* Colors.swift in Sources */ = {isa = PBXBuildFile; fileRef = EA18DF3925818758006A52FF /* Colors.swift */; };
		EA18DF3C25818790006A52FF /* ColorsProtocol.swift in Sources */ = {isa = PBXBuildFile; fileRef = EA18DF3B25818790006A52FF /* ColorsProtocol.swift */; };
		EA18DF3F25818902006A52FF /* DefaultColors.swift in Sources */ = {isa = PBXBuildFile; fileRef = EA18DF3D2581882C006A52FF /* DefaultColors.swift */; };
		EA18DF41258189CA006A52FF /* LightTheme.swift in Sources */ = {isa = PBXBuildFile; fileRef = EA18DF40258189CA006A52FF /* LightTheme.swift */; };
		EA18DF43258189D7006A52FF /* DarkTheme.swift in Sources */ = {isa = PBXBuildFile; fileRef = EA18DF42258189D7006A52FF /* DarkTheme.swift */; };
		EA56E8AF25799090005C2D3C /* OpenImageInCard.swift in Sources */ = {isa = PBXBuildFile; fileRef = EA56E8AE2579908F005C2D3C /* OpenImageInCard.swift */; };
		EA62081E2574E55500B46D35 /* ProtocolClickCollectionCell.swift in Sources */ = {isa = PBXBuildFile; fileRef = EA62081D2574E55500B46D35 /* ProtocolClickCollectionCell.swift */; };
		EA8D86782583922800ABD6CF /* AddViewController.swift in Sources */ = {isa = PBXBuildFile; fileRef = EA8D86772583922800ABD6CF /* AddViewController.swift */; };
		EA8D867A258398AE00ABD6CF /* CongratulationsViewController.swift in Sources */ = {isa = PBXBuildFile; fileRef = EA8D8679258398AE00ABD6CF /* CongratulationsViewController.swift */; };
		EA8DDCBE257EBDA600C3A38C /* MainListTableAdCell.swift in Sources */ = {isa = PBXBuildFile; fileRef = EA8DDCBD257EBDA600C3A38C /* MainListTableAdCell.swift */; };
		EA8DDCC0257EC9B100C3A38C /* ModelAdController.swift in Sources */ = {isa = PBXBuildFile; fileRef = EA8DDCBF257EC9B100C3A38C /* ModelAdController.swift */; };
		EA8DDCEF257EF11800C3A38C /* GADTMediumTemplateView.xib in Resources */ = {isa = PBXBuildFile; fileRef = EA8DDCE4257EF11800C3A38C /* GADTMediumTemplateView.xib */; };
		EA8DDCF0257EF11800C3A38C /* GADTSmallTemplateView.m in Sources */ = {isa = PBXBuildFile; fileRef = EA8DDCE7257EF11800C3A38C /* GADTSmallTemplateView.m */; };
		EA8DDCF1257EF11800C3A38C /* GADTSmallTemplateView.xib in Resources */ = {isa = PBXBuildFile; fileRef = EA8DDCE8257EF11800C3A38C /* GADTSmallTemplateView.xib */; };
		EA8DDCF2257EF11800C3A38C /* GADTTemplateView.m in Sources */ = {isa = PBXBuildFile; fileRef = EA8DDCE9257EF11800C3A38C /* GADTTemplateView.m */; };
		EA8DDCF3257EF11800C3A38C /* GADTMediumTemplateView.m in Sources */ = {isa = PBXBuildFile; fileRef = EA8DDCEA257EF11800C3A38C /* GADTMediumTemplateView.m */; };
		EA8E46ED259B6311000CAD12 /* ViewClickBtnDelegate.swift in Sources */ = {isa = PBXBuildFile; fileRef = EA8E46EC259B6311000CAD12 /* ViewClickBtnDelegate.swift */; };
		EA8EC73D259C7CE300079B0D /* CardView.xib in Resources */ = {isa = PBXBuildFile; fileRef = EA8EC73C259C7CE300079B0D /* CardView.xib */; };
		EA8EC73F259C7D0300079B0D /* CardView.swift in Sources */ = {isa = PBXBuildFile; fileRef = EA8EC73E259C7D0300079B0D /* CardView.swift */; };
		EA8ECDBF259A8911002E43E7 /* VProfileCard.swift in Sources */ = {isa = PBXBuildFile; fileRef = EA8ECDBE259A8911002E43E7 /* VProfileCard.swift */; };
		EA8ECDC1259A892E002E43E7 /* VProfileCard.xib in Resources */ = {isa = PBXBuildFile; fileRef = EA8ECDC0259A892E002E43E7 /* VProfileCard.xib */; };
		EA90E29F256BB34300C473B8 /* AuthController.swift in Sources */ = {isa = PBXBuildFile; fileRef = EA90E29E256BB34300C473B8 /* AuthController.swift */; };
		EA90E2A1256BC06700C473B8 /* ModelFireBaseDB.swift in Sources */ = {isa = PBXBuildFile; fileRef = EA90E2A0256BC06700C473B8 /* ModelFireBaseDB.swift */; };
		EA9212E5256E3004003D084E /* ImageOfSlider.swift in Sources */ = {isa = PBXBuildFile; fileRef = EA9212E4256E3004003D084E /* ImageOfSlider.swift */; };
		EA93946525779FB600EB6EDF /* FavoriteViewController.swift in Sources */ = {isa = PBXBuildFile; fileRef = EA93946425779FB600EB6EDF /* FavoriteViewController.swift */; };
		EA9394672577BEB000EB6EDF /* ActionController.swift in Sources */ = {isa = PBXBuildFile; fileRef = EA9394662577BEB000EB6EDF /* ActionController.swift */; };
		EA95FC6B258154760045AC33 /* Colors.xcassets in Resources */ = {isa = PBXBuildFile; fileRef = EA95FC6A258154760045AC33 /* Colors.xcassets */; };
		EA95FC6E258155DF0045AC33 /* UIImageViewExtension.swift in Sources */ = {isa = PBXBuildFile; fileRef = EA95FC6D258155DF0045AC33 /* UIImageViewExtension.swift */; };
		EA975DF5256AD4CC0094C4B6 /* MainListTableCardCell.swift in Sources */ = {isa = PBXBuildFile; fileRef = EA975DF4256AD4CC0094C4B6 /* MainListTableCardCell.swift */; };
		EA975DF9256AD78A0094C4B6 /* GoogleService-Info.plist in Resources */ = {isa = PBXBuildFile; fileRef = EA975DF8256AD78A0094C4B6 /* GoogleService-Info.plist */; };
		EABAABF6256CE11000F69698 /* ProfileController.swift in Sources */ = {isa = PBXBuildFile; fileRef = EABAABF5256CE11000F69698 /* ProfileController.swift */; };
		EABAABFD256D0E8E00F69698 /* Main.storyboard in Resources */ = {isa = PBXBuildFile; fileRef = EABAABFC256D0E8E00F69698 /* Main.storyboard */; };
		EAF909F32562A003006E6C55 /* AppDelegate.swift in Sources */ = {isa = PBXBuildFile; fileRef = EAF909F22562A003006E6C55 /* AppDelegate.swift */; };
		EAF909F52562A003006E6C55 /* SceneDelegate.swift in Sources */ = {isa = PBXBuildFile; fileRef = EAF909F42562A003006E6C55 /* SceneDelegate.swift */; };
		EAF909F72562A003006E6C55 /* ViewController.swift in Sources */ = {isa = PBXBuildFile; fileRef = EAF909F62562A003006E6C55 /* ViewController.swift */; };
		EAF909FC2562A005006E6C55 /* Assets.xcassets in Resources */ = {isa = PBXBuildFile; fileRef = EAF909FB2562A005006E6C55 /* Assets.xcassets */; };
		EAF909FF2562A005006E6C55 /* LaunchScreen.storyboard in Resources */ = {isa = PBXBuildFile; fileRef = EAF909FD2562A005006E6C55 /* LaunchScreen.storyboard */; };
		F9FDC1AA92AD590B90C6ED2C /* Pods_YogaApp.framework in Frameworks */ = {isa = PBXBuildFile; fileRef = 5C29C06F19832AD42C474A2F /* Pods_YogaApp.framework */; };
/* End PBXBuildFile section */

/* Begin PBXFileReference section */
		4F652CD393A85892FC1F7169 /* Pods-YogaApp.debug.xcconfig */ = {isa = PBXFileReference; includeInIndex = 1; lastKnownFileType = text.xcconfig; name = "Pods-YogaApp.debug.xcconfig"; path = "Target Support Files/Pods-YogaApp/Pods-YogaApp.debug.xcconfig"; sourceTree = "<group>"; };
		5C29C06F19832AD42C474A2F /* Pods_YogaApp.framework */ = {isa = PBXFileReference; explicitFileType = wrapper.framework; includeInIndex = 0; path = Pods_YogaApp.framework; sourceTree = BUILT_PRODUCTS_DIR; };
		6CCC199813E8618DA27FCEB4 /* Pods-YogaApp.release.xcconfig */ = {isa = PBXFileReference; includeInIndex = 1; lastKnownFileType = text.xcconfig; name = "Pods-YogaApp.release.xcconfig"; path = "Target Support Files/Pods-YogaApp/Pods-YogaApp.release.xcconfig"; sourceTree = "<group>"; };
		EA18DF1525815EF2006A52FF /* AddView.storyboard */ = {isa = PBXFileReference; fileEncoding = 4; lastKnownFileType = file.storyboard; path = AddView.storyboard; sourceTree = "<group>"; };
		EA18DF17258160F7006A52FF /* AuthView.storyboard */ = {isa = PBXFileReference; fileEncoding = 4; lastKnownFileType = file.storyboard; path = AuthView.storyboard; sourceTree = "<group>"; };
		EA18DF1925816155006A52FF /* ProfileView.storyboard */ = {isa = PBXFileReference; fileEncoding = 4; lastKnownFileType = file.storyboard; path = ProfileView.storyboard; sourceTree = "<group>"; };
		EA18DF1F25816564006A52FF /* MainListView.storyboard */ = {isa = PBXFileReference; fileEncoding = 4; lastKnownFileType = file.storyboard; path = MainListView.storyboard; sourceTree = "<group>"; };
		EA18DF21258165A5006A52FF /* ActionView.storyboard */ = {isa = PBXFileReference; fileEncoding = 4; lastKnownFileType = file.storyboard; path = ActionView.storyboard; sourceTree = "<group>"; };
		EA18DF2425816E66006A52FF /* CongratulationsView.storyboard */ = {isa = PBXFileReference; fileEncoding = 4; lastKnownFileType = file.storyboard; path = CongratulationsView.storyboard; sourceTree = "<group>"; };
		EA18DF2625816FAA006A52FF /* FavoriteView.storyboard */ = {isa = PBXFileReference; fileEncoding = 4; lastKnownFileType = file.storyboard; path = FavoriteView.storyboard; sourceTree = "<group>"; };
		EA18DF2825816FE3006A52FF /* AsanaView.storyboard */ = {isa = PBXFileReference; fileEncoding = 4; lastKnownFileType = file.storyboard; path = AsanaView.storyboard; sourceTree = "<group>"; };
		EA18DF2B2581745E006A52FF /* Theme.swift */ = {isa = PBXFileReference; lastKnownFileType = sourcecode.swift; path = Theme.swift; sourceTree = "<group>"; };
		EA18DF2D258174EF006A52FF /* ThemeProtocol.swift */ = {isa = PBXFileReference; lastKnownFileType = sourcecode.swift; path = ThemeProtocol.swift; sourceTree = "<group>"; };
		EA18DF3925818758006A52FF /* Colors.swift */ = {isa = PBXFileReference; lastKnownFileType = sourcecode.swift; path = Colors.swift; sourceTree = "<group>"; };
		EA18DF3B25818790006A52FF /* ColorsProtocol.swift */ = {isa = PBXFileReference; lastKnownFileType = sourcecode.swift; path = ColorsProtocol.swift; sourceTree = "<group>"; };
		EA18DF3D2581882C006A52FF /* DefaultColors.swift */ = {isa = PBXFileReference; lastKnownFileType = sourcecode.swift; path = DefaultColors.swift; sourceTree = "<group>"; };
		EA18DF40258189CA006A52FF /* LightTheme.swift */ = {isa = PBXFileReference; lastKnownFileType = sourcecode.swift; path = LightTheme.swift; sourceTree = "<group>"; };
		EA18DF42258189D7006A52FF /* DarkTheme.swift */ = {isa = PBXFileReference; lastKnownFileType = sourcecode.swift; path = DarkTheme.swift; sourceTree = "<group>"; };
		EA56E8AE2579908F005C2D3C /* OpenImageInCard.swift */ = {isa = PBXFileReference; lastKnownFileType = sourcecode.swift; path = OpenImageInCard.swift; sourceTree = "<group>"; };
		EA62081D2574E55500B46D35 /* ProtocolClickCollectionCell.swift */ = {isa = PBXFileReference; lastKnownFileType = sourcecode.swift; path = ProtocolClickCollectionCell.swift; sourceTree = "<group>"; };
		EA8D86772583922800ABD6CF /* AddViewController.swift */ = {isa = PBXFileReference; lastKnownFileType = sourcecode.swift; path = AddViewController.swift; sourceTree = "<group>"; };
		EA8D8679258398AE00ABD6CF /* CongratulationsViewController.swift */ = {isa = PBXFileReference; lastKnownFileType = sourcecode.swift; path = CongratulationsViewController.swift; sourceTree = "<group>"; };
		EA8DDCBD257EBDA600C3A38C /* MainListTableAdCell.swift */ = {isa = PBXFileReference; lastKnownFileType = sourcecode.swift; path = MainListTableAdCell.swift; sourceTree = "<group>"; };
		EA8DDCBF257EC9B100C3A38C /* ModelAdController.swift */ = {isa = PBXFileReference; lastKnownFileType = sourcecode.swift; path = ModelAdController.swift; sourceTree = "<group>"; };
		EA8DDCE4257EF11800C3A38C /* GADTMediumTemplateView.xib */ = {isa = PBXFileReference; fileEncoding = 4; lastKnownFileType = file.xib; path = GADTMediumTemplateView.xib; sourceTree = "<group>"; };
		EA8DDCE5257EF11800C3A38C /* GADTTemplateView.h */ = {isa = PBXFileReference; fileEncoding = 4; lastKnownFileType = sourcecode.c.h; path = GADTTemplateView.h; sourceTree = "<group>"; };
		EA8DDCE6257EF11800C3A38C /* GADTMediumTemplateView.h */ = {isa = PBXFileReference; fileEncoding = 4; lastKnownFileType = sourcecode.c.h; path = GADTMediumTemplateView.h; sourceTree = "<group>"; };
		EA8DDCE7257EF11800C3A38C /* GADTSmallTemplateView.m */ = {isa = PBXFileReference; fileEncoding = 4; lastKnownFileType = sourcecode.c.objc; path = GADTSmallTemplateView.m; sourceTree = "<group>"; };
		EA8DDCE8257EF11800C3A38C /* GADTSmallTemplateView.xib */ = {isa = PBXFileReference; fileEncoding = 4; lastKnownFileType = file.xib; path = GADTSmallTemplateView.xib; sourceTree = "<group>"; };
		EA8DDCE9257EF11800C3A38C /* GADTTemplateView.m */ = {isa = PBXFileReference; fileEncoding = 4; lastKnownFileType = sourcecode.c.objc; path = GADTTemplateView.m; sourceTree = "<group>"; };
		EA8DDCEA257EF11800C3A38C /* GADTMediumTemplateView.m */ = {isa = PBXFileReference; fileEncoding = 4; lastKnownFileType = sourcecode.c.objc; path = GADTMediumTemplateView.m; sourceTree = "<group>"; };
		EA8DDCEB257EF11800C3A38C /* GADTSmallTemplateView.h */ = {isa = PBXFileReference; fileEncoding = 4; lastKnownFileType = sourcecode.c.h; path = GADTSmallTemplateView.h; sourceTree = "<group>"; };
		EA8DDCF4257EF34F00C3A38C /* YogaApp_BridgingHeader.h */ = {isa = PBXFileReference; lastKnownFileType = sourcecode.c.h; path = YogaApp_BridgingHeader.h; sourceTree = "<group>"; };
		EA8E46EC259B6311000CAD12 /* ViewClickBtnDelegate.swift */ = {isa = PBXFileReference; fileEncoding = 4; lastKnownFileType = sourcecode.swift; path = ViewClickBtnDelegate.swift; sourceTree = "<group>"; };
		EA8EC73C259C7CE300079B0D /* CardView.xib */ = {isa = PBXFileReference; lastKnownFileType = file.xib; path = CardView.xib; sourceTree = "<group>"; };
		EA8EC73E259C7D0300079B0D /* CardView.swift */ = {isa = PBXFileReference; lastKnownFileType = sourcecode.swift; path = CardView.swift; sourceTree = "<group>"; };
		EA8ECDBE259A8911002E43E7 /* VProfileCard.swift */ = {isa = PBXFileReference; lastKnownFileType = sourcecode.swift; path = VProfileCard.swift; sourceTree = "<group>"; };
		EA8ECDC0259A892E002E43E7 /* VProfileCard.xib */ = {isa = PBXFileReference; lastKnownFileType = file.xib; path = VProfileCard.xib; sourceTree = "<group>"; };
		EA90E29E256BB34300C473B8 /* AuthController.swift */ = {isa = PBXFileReference; lastKnownFileType = sourcecode.swift; path = AuthController.swift; sourceTree = "<group>"; };
		EA90E2A0256BC06700C473B8 /* ModelFireBaseDB.swift */ = {isa = PBXFileReference; lastKnownFileType = sourcecode.swift; path = ModelFireBaseDB.swift; sourceTree = "<group>"; };
		EA9212E4256E3004003D084E /* ImageOfSlider.swift */ = {isa = PBXFileReference; lastKnownFileType = sourcecode.swift; path = ImageOfSlider.swift; sourceTree = "<group>"; };
		EA93946425779FB600EB6EDF /* FavoriteViewController.swift */ = {isa = PBXFileReference; lastKnownFileType = sourcecode.swift; path = FavoriteViewController.swift; sourceTree = "<group>"; };
		EA9394662577BEB000EB6EDF /* ActionController.swift */ = {isa = PBXFileReference; lastKnownFileType = sourcecode.swift; path = ActionController.swift; sourceTree = "<group>"; };
		EA94B049256D960400DFDD0E /* AsanaController.swift */ = {isa = PBXFileReference; lastKnownFileType = sourcecode.swift; path = AsanaController.swift; sourceTree = "<group>"; };
		EA95FC6A258154760045AC33 /* Colors.xcassets */ = {isa = PBXFileReference; lastKnownFileType = folder.assetcatalog; path = Colors.xcassets; sourceTree = "<group>"; };
		EA95FC6D258155DF0045AC33 /* UIImageViewExtension.swift */ = {isa = PBXFileReference; lastKnownFileType = sourcecode.swift; path = UIImageViewExtension.swift; sourceTree = "<group>"; };
		EA975DF4256AD4CC0094C4B6 /* MainListTableCardCell.swift */ = {isa = PBXFileReference; lastKnownFileType = sourcecode.swift; path = MainListTableCardCell.swift; sourceTree = "<group>"; };
		EA975DF8256AD78A0094C4B6 /* GoogleService-Info.plist */ = {isa = PBXFileReference; fileEncoding = 4; lastKnownFileType = text.plist.xml; path = "GoogleService-Info.plist"; sourceTree = "<group>"; };
		EABAABF5256CE11000F69698 /* ProfileController.swift */ = {isa = PBXFileReference; lastKnownFileType = sourcecode.swift; path = ProfileController.swift; sourceTree = "<group>"; };
		EABAABFC256D0E8E00F69698 /* Main.storyboard */ = {isa = PBXFileReference; fileEncoding = 4; lastKnownFileType = file.storyboard; path = Main.storyboard; sourceTree = "<group>"; };
		EAF909EF2562A003006E6C55 /* YogaApp.app */ = {isa = PBXFileReference; explicitFileType = wrapper.application; includeInIndex = 0; path = YogaApp.app; sourceTree = BUILT_PRODUCTS_DIR; };
		EAF909F22562A003006E6C55 /* AppDelegate.swift */ = {isa = PBXFileReference; lastKnownFileType = sourcecode.swift; path = AppDelegate.swift; sourceTree = "<group>"; };
		EAF909F42562A003006E6C55 /* SceneDelegate.swift */ = {isa = PBXFileReference; lastKnownFileType = sourcecode.swift; path = SceneDelegate.swift; sourceTree = "<group>"; };
		EAF909F62562A003006E6C55 /* ViewController.swift */ = {isa = PBXFileReference; lastKnownFileType = sourcecode.swift; path = ViewController.swift; sourceTree = "<group>"; };
		EAF909FB2562A005006E6C55 /* Assets.xcassets */ = {isa = PBXFileReference; lastKnownFileType = folder.assetcatalog; path = Assets.xcassets; sourceTree = "<group>"; };
		EAF909FE2562A005006E6C55 /* Base */ = {isa = PBXFileReference; lastKnownFileType = file.storyboard; name = Base; path = Base.lproj/LaunchScreen.storyboard; sourceTree = "<group>"; };
		EAF90A002562A005006E6C55 /* Info.plist */ = {isa = PBXFileReference; lastKnownFileType = text.plist.xml; path = Info.plist; sourceTree = "<group>"; };
/* End PBXFileReference section */

/* Begin PBXFrameworksBuildPhase section */
		EAF909EC2562A003006E6C55 /* Frameworks */ = {
			isa = PBXFrameworksBuildPhase;
			buildActionMask = 2147483647;
			files = (
				F9FDC1AA92AD590B90C6ED2C /* Pods_YogaApp.framework in Frameworks */,
			);
			runOnlyForDeploymentPostprocessing = 0;
		};
/* End PBXFrameworksBuildPhase section */

/* Begin PBXGroup section */
		8AF0E10466B0E78451D2F3C0 /* Pods */ = {
			isa = PBXGroup;
			children = (
				4F652CD393A85892FC1F7169 /* Pods-YogaApp.debug.xcconfig */,
				6CCC199813E8618DA27FCEB4 /* Pods-YogaApp.release.xcconfig */,
			);
			path = Pods;
			sourceTree = "<group>";
		};
		EA18DF1B258161AC006A52FF /* Add */ = {
			isa = PBXGroup;
			children = (
				EA18DF1525815EF2006A52FF /* AddView.storyboard */,
				EA8D86772583922800ABD6CF /* AddViewController.swift */,
			);
			path = Add;
			sourceTree = "<group>";
		};
		EA18DF1C258161C8006A52FF /* Setting */ = {
			isa = PBXGroup;
			children = (
				EA8ECDBD259A88C9002E43E7 /* SettingViews */,
				EABAABF5256CE11000F69698 /* ProfileController.swift */,
				EA18DF1925816155006A52FF /* ProfileView.storyboard */,
			);
			path = Setting;
			sourceTree = "<group>";
		};
		EA18DF1D258162ED006A52FF /* Action */ = {
			isa = PBXGroup;
			children = (
				EA18DF3525817A0A006A52FF /* Congratulation */,
				EA18DF21258165A5006A52FF /* ActionView.storyboard */,
				EA9394662577BEB000EB6EDF /* ActionController.swift */,
			);
			path = Action;
			sourceTree = "<group>";
		};
		EA18DF1E258162F4006A52FF /* Auth */ = {
			isa = PBXGroup;
			children = (
				EA18DF17258160F7006A52FF /* AuthView.storyboard */,
				EA90E29E256BB34300C473B8 /* AuthController.swift */,
			);
			path = Auth;
			sourceTree = "<group>";
		};
		EA18DF2325816DBC006A52FF /* MainList */ = {
			isa = PBXGroup;
			children = (
				EA8EC739259C7C6300079B0D /* CardView */,
				EA18DF34258179E4006A52FF /* Asana */,
				EA18DF33258179D8006A52FF /* Favorite */,
				EA18DF1F25816564006A52FF /* MainListView.storyboard */,
				EAF909F62562A003006E6C55 /* ViewController.swift */,
				EA975DF4256AD4CC0094C4B6 /* MainListTableCardCell.swift */,
				EA8DDCBD257EBDA600C3A38C /* MainListTableAdCell.swift */,
				EA9212E4256E3004003D084E /* ImageOfSlider.swift */,
				EA56E8AE2579908F005C2D3C /* OpenImageInCard.swift */,
				EA62081D2574E55500B46D35 /* ProtocolClickCollectionCell.swift */,
			);
			path = MainList;
			sourceTree = "<group>";
		};
		EA18DF2A2581743A006A52FF /* Themes */ = {
			isa = PBXGroup;
			children = (
				EA18DF2B2581745E006A52FF /* Theme.swift */,
				EA18DF2D258174EF006A52FF /* ThemeProtocol.swift */,
				EA18DF40258189CA006A52FF /* LightTheme.swift */,
				EA18DF42258189D7006A52FF /* DarkTheme.swift */,
			);
			path = Themes;
			sourceTree = "<group>";
		};
		EA18DF33258179D8006A52FF /* Favorite */ = {
			isa = PBXGroup;
			children = (
				EA18DF2625816FAA006A52FF /* FavoriteView.storyboard */,
				EA93946425779FB600EB6EDF /* FavoriteViewController.swift */,
			);
			path = Favorite;
			sourceTree = "<group>";
		};
		EA18DF34258179E4006A52FF /* Asana */ = {
			isa = PBXGroup;
			children = (
				EA18DF2825816FE3006A52FF /* AsanaView.storyboard */,
				EA94B049256D960400DFDD0E /* AsanaController.swift */,
			);
			path = Asana;
			sourceTree = "<group>";
		};
		EA18DF3525817A0A006A52FF /* Congratulation */ = {
			isa = PBXGroup;
			children = (
				EA18DF2425816E66006A52FF /* CongratulationsView.storyboard */,
				EA8D8679258398AE00ABD6CF /* CongratulationsViewController.swift */,
			);
			path = Congratulation;
			sourceTree = "<group>";
		};
		EA18DF3825818738006A52FF /* Colors */ = {
			isa = PBXGroup;
			children = (
				EA18DF3925818758006A52FF /* Colors.swift */,
				EA18DF3D2581882C006A52FF /* DefaultColors.swift */,
			);
			path = Colors;
			sourceTree = "<group>";
		};
		EA8DDCE3257EF11800C3A38C /* nativetemplates */ = {
			isa = PBXGroup;
			children = (
				EA8DDCE5257EF11800C3A38C /* GADTTemplateView.h */,
				EA8DDCE6257EF11800C3A38C /* GADTMediumTemplateView.h */,
				EA8DDCE7257EF11800C3A38C /* GADTSmallTemplateView.m */,
				EA8DDCE8257EF11800C3A38C /* GADTSmallTemplateView.xib */,
				EA8DDCE4257EF11800C3A38C /* GADTMediumTemplateView.xib */,
				EA8DDCE9257EF11800C3A38C /* GADTTemplateView.m */,
				EA8DDCEA257EF11800C3A38C /* GADTMediumTemplateView.m */,
				EA8DDCEB257EF11800C3A38C /* GADTSmallTemplateView.h */,
			);
			path = nativetemplates;
			sourceTree = "<group>";
		};
		EA8E46E7259B5DC5000CAD12 /* Protocol */ = {
			isa = PBXGroup;
			children = (
				EA8E46EC259B6311000CAD12 /* ViewClickBtnDelegate.swift */,
			);
			path = Protocol;
			sourceTree = "<group>";
		};
		EA8EC739259C7C6300079B0D /* CardView */ = {
			isa = PBXGroup;
			children = (
				EA8EC73E259C7D0300079B0D /* CardView.swift */,
				EA8EC73C259C7CE300079B0D /* CardView.xib */,
			);
			path = CardView;
			sourceTree = "<group>";
		};
		EA8ECDBD259A88C9002E43E7 /* SettingViews */ = {
			isa = PBXGroup;
			children = (
				EA8ECDBE259A8911002E43E7 /* VProfileCard.swift */,
				EA8ECDC0259A892E002E43E7 /* VProfileCard.xib */,
			);
			path = SettingViews;
			sourceTree = "<group>";
		};
		EA95FC66258153E00045AC33 /* Resources */ = {
			isa = PBXGroup;
			children = (
				EA18DF3B25818790006A52FF /* ColorsProtocol.swift */,
				EA18DF3825818738006A52FF /* Colors */,
				EA18DF2A2581743A006A52FF /* Themes */,
				EA95FC6A258154760045AC33 /* Colors.xcassets */,
			);
			path = Resources;
			sourceTree = "<group>";
		};
		EA95FC67258153F50045AC33 /* Extensions */ = {
			isa = PBXGroup;
			children = (
				EA95FC6D258155DF0045AC33 /* UIImageViewExtension.swift */,
			);
			path = Extensions;
			sourceTree = "<group>";
		};
		EA95FC68258154080045AC33 /* Models */ = {
			isa = PBXGroup;
			children = (
				EA90E2A0256BC06700C473B8 /* ModelFireBaseDB.swift */,
				EA8DDCBF257EC9B100C3A38C /* ModelAdController.swift */,
			);
			path = Models;
			sourceTree = "<group>";
		};
		EA95FC692581540F0045AC33 /* Views */ = {
			isa = PBXGroup;
			children = (
				EABAABFC256D0E8E00F69698 /* Main.storyboard */,
				EA18DF1E258162F4006A52FF /* Auth */,
				EA18DF2325816DBC006A52FF /* MainList */,
				EA18DF1D258162ED006A52FF /* Action */,
				EA18DF1C258161C8006A52FF /* Setting */,
				EA18DF1B258161AC006A52FF /* Add */,
			);
			path = Views;
			sourceTree = "<group>";
		};
		EA95FC6C2581555A0045AC33 /* Templates */ = {
			isa = PBXGroup;
			children = (
				EA8DDCE3257EF11800C3A38C /* nativetemplates */,
			);
			path = Templates;
			sourceTree = "<group>";
		};
		EAF909E62562A003006E6C55 = {
			isa = PBXGroup;
			children = (
				EAF909F12562A003006E6C55 /* YogaApp */,
				EAF909F02562A003006E6C55 /* Products */,
				8AF0E10466B0E78451D2F3C0 /* Pods */,
				ECABA4FD9F30F24FD1A53E96 /* Frameworks */,
			);
			sourceTree = "<group>";
		};
		EAF909F02562A003006E6C55 /* Products */ = {
			isa = PBXGroup;
			children = (
				EAF909EF2562A003006E6C55 /* YogaApp.app */,
			);
			name = Products;
			sourceTree = "<group>";
		};
		EAF909F12562A003006E6C55 /* YogaApp */ = {
			isa = PBXGroup;
			children = (
				EA8E46E7259B5DC5000CAD12 /* Protocol */,
				EA95FC6C2581555A0045AC33 /* Templates */,
				EA95FC692581540F0045AC33 /* Views */,
				EA95FC68258154080045AC33 /* Models */,
				EA95FC67258153F50045AC33 /* Extensions */,
				EA95FC66258153E00045AC33 /* Resources */,
				EAF909F22562A003006E6C55 /* AppDelegate.swift */,
				EAF909F42562A003006E6C55 /* SceneDelegate.swift */,
				EAF909FB2562A005006E6C55 /* Assets.xcassets */,
				EAF909FD2562A005006E6C55 /* LaunchScreen.storyboard */,
				EAF90A002562A005006E6C55 /* Info.plist */,
				EA975DF8256AD78A0094C4B6 /* GoogleService-Info.plist */,
				EA8DDCF4257EF34F00C3A38C /* YogaApp_BridgingHeader.h */,
			);
			path = YogaApp;
			sourceTree = "<group>";
		};
		ECABA4FD9F30F24FD1A53E96 /* Frameworks */ = {
			isa = PBXGroup;
			children = (
				5C29C06F19832AD42C474A2F /* Pods_YogaApp.framework */,
			);
			name = Frameworks;
			sourceTree = "<group>";
		};
/* End PBXGroup section */

/* Begin PBXNativeTarget section */
		EAF909EE2562A003006E6C55 /* YogaApp */ = {
			isa = PBXNativeTarget;
			buildConfigurationList = EAF90A032562A005006E6C55 /* Build configuration list for PBXNativeTarget "YogaApp" */;
			buildPhases = (
				4E6A8C4666E4028A2BC77062 /* [CP] Check Pods Manifest.lock */,
				EAF909EB2562A003006E6C55 /* Sources */,
				EAF909EC2562A003006E6C55 /* Frameworks */,
				EAF909ED2562A003006E6C55 /* Resources */,
				3529A39F85DA048B7CFF25C3 /* [CP] Embed Pods Frameworks */,
				CA3A7BCBD90002C8575EE134 /* [CP] Copy Pods Resources */,
			);
			buildRules = (
			);
			dependencies = (
			);
			name = YogaApp;
			productName = YogaApp;
			productReference = EAF909EF2562A003006E6C55 /* YogaApp.app */;
			productType = "com.apple.product-type.application";
		};
/* End PBXNativeTarget section */

/* Begin PBXProject section */
		EAF909E72562A003006E6C55 /* Project object */ = {
			isa = PBXProject;
			attributes = {
				KnownAssetTags = (
					ad,
				);
				LastSwiftUpdateCheck = 1160;
				LastUpgradeCheck = 1160;
				ORGANIZATIONNAME = "Nill Simon";
				TargetAttributes = {
					EAF909EE2562A003006E6C55 = {
						CreatedOnToolsVersion = 11.6;
					};
				};
			};
			buildConfigurationList = EAF909EA2562A003006E6C55 /* Build configuration list for PBXProject "YogaApp" */;
			compatibilityVersion = "Xcode 9.3";
			developmentRegion = en;
			hasScannedForEncodings = 0;
			knownRegions = (
				en,
				Base,
			);
			mainGroup = EAF909E62562A003006E6C55;
			productRefGroup = EAF909F02562A003006E6C55 /* Products */;
			projectDirPath = "";
			projectRoot = "";
			targets = (
				EAF909EE2562A003006E6C55 /* YogaApp */,
			);
		};
/* End PBXProject section */

/* Begin PBXResourcesBuildPhase section */
		EAF909ED2562A003006E6C55 /* Resources */ = {
			isa = PBXResourcesBuildPhase;
			buildActionMask = 2147483647;
			files = (
				EA18DF1A25816155006A52FF /* ProfileView.storyboard in Resources */,
				EA18DF2525816E66006A52FF /* CongratulationsView.storyboard in Resources */,
				EA8EC73D259C7CE300079B0D /* CardView.xib in Resources */,
				EA8ECDC1259A892E002E43E7 /* VProfileCard.xib in Resources */,
				EA8DDCF1257EF11800C3A38C /* GADTSmallTemplateView.xib in Resources */,
				EAF909FF2562A005006E6C55 /* LaunchScreen.storyboard in Resources */,
				EA975DF9256AD78A0094C4B6 /* GoogleService-Info.plist in Resources */,
				EA18DF2725816FAA006A52FF /* FavoriteView.storyboard in Resources */,
				EA8DDCEF257EF11800C3A38C /* GADTMediumTemplateView.xib in Resources */,
				EA18DF22258165A5006A52FF /* ActionView.storyboard in Resources */,
				EAF909FC2562A005006E6C55 /* Assets.xcassets in Resources */,
				EA18DF2025816564006A52FF /* MainListView.storyboard in Resources */,
				EA18DF1625815EF2006A52FF /* AddView.storyboard in Resources */,
				EABAABFD256D0E8E00F69698 /* Main.storyboard in Resources */,
				EA18DF18258160F8006A52FF /* AuthView.storyboard in Resources */,
				EA95FC6B258154760045AC33 /* Colors.xcassets in Resources */,
				EA18DF2925816FE3006A52FF /* AsanaView.storyboard in Resources */,
			);
			runOnlyForDeploymentPostprocessing = 0;
		};
/* End PBXResourcesBuildPhase section */

/* Begin PBXShellScriptBuildPhase section */
		3529A39F85DA048B7CFF25C3 /* [CP] Embed Pods Frameworks */ = {
			isa = PBXShellScriptBuildPhase;
			buildActionMask = 2147483647;
			files = (
			);
			inputFileListPaths = (
				"${PODS_ROOT}/Target Support Files/Pods-YogaApp/Pods-YogaApp-frameworks-${CONFIGURATION}-input-files.xcfilelist",
			);
			name = "[CP] Embed Pods Frameworks";
			outputFileListPaths = (
				"${PODS_ROOT}/Target Support Files/Pods-YogaApp/Pods-YogaApp-frameworks-${CONFIGURATION}-output-files.xcfilelist",
			);
			runOnlyForDeploymentPostprocessing = 0;
			shellPath = /bin/sh;
			shellScript = "\"${PODS_ROOT}/Target Support Files/Pods-YogaApp/Pods-YogaApp-frameworks.sh\"\n";
			showEnvVarsInLog = 0;
		};
		4E6A8C4666E4028A2BC77062 /* [CP] Check Pods Manifest.lock */ = {
			isa = PBXShellScriptBuildPhase;
			buildActionMask = 2147483647;
			files = (
			);
			inputFileListPaths = (
			);
			inputPaths = (
				"${PODS_PODFILE_DIR_PATH}/Podfile.lock",
				"${PODS_ROOT}/Manifest.lock",
			);
			name = "[CP] Check Pods Manifest.lock";
			outputFileListPaths = (
			);
			outputPaths = (
				"$(DERIVED_FILE_DIR)/Pods-YogaApp-checkManifestLockResult.txt",
			);
			runOnlyForDeploymentPostprocessing = 0;
			shellPath = /bin/sh;
			shellScript = "diff \"${PODS_PODFILE_DIR_PATH}/Podfile.lock\" \"${PODS_ROOT}/Manifest.lock\" > /dev/null\nif [ $? != 0 ] ; then\n    # print error to STDERR\n    echo \"error: The sandbox is not in sync with the Podfile.lock. Run 'pod install' or update your CocoaPods installation.\" >&2\n    exit 1\nfi\n# This output is used by Xcode 'outputs' to avoid re-running this script phase.\necho \"SUCCESS\" > \"${SCRIPT_OUTPUT_FILE_0}\"\n";
			showEnvVarsInLog = 0;
		};
		CA3A7BCBD90002C8575EE134 /* [CP] Copy Pods Resources */ = {
			isa = PBXShellScriptBuildPhase;
			buildActionMask = 2147483647;
			files = (
			);
			inputFileListPaths = (
				"${PODS_ROOT}/Target Support Files/Pods-YogaApp/Pods-YogaApp-resources-${CONFIGURATION}-input-files.xcfilelist",
			);
			name = "[CP] Copy Pods Resources";
			outputFileListPaths = (
				"${PODS_ROOT}/Target Support Files/Pods-YogaApp/Pods-YogaApp-resources-${CONFIGURATION}-output-files.xcfilelist",
			);
			runOnlyForDeploymentPostprocessing = 0;
			shellPath = /bin/sh;
			shellScript = "\"${PODS_ROOT}/Target Support Files/Pods-YogaApp/Pods-YogaApp-resources.sh\"\n";
			showEnvVarsInLog = 0;
		};
/* End PBXShellScriptBuildPhase section */

/* Begin PBXSourcesBuildPhase section */
		EAF909EB2562A003006E6C55 /* Sources */ = {
			isa = PBXSourcesBuildPhase;
			buildActionMask = 2147483647;
			files = (
				EA8ECDBF259A8911002E43E7 /* VProfileCard.swift in Sources */,
				EA8DDCF3257EF11800C3A38C /* GADTMediumTemplateView.m in Sources */,
				EA18DF3A25818758006A52FF /* Colors.swift in Sources */,
				EA8D86782583922800ABD6CF /* AddViewController.swift in Sources */,
				EA8DDCC0257EC9B100C3A38C /* ModelAdController.swift in Sources */,
				EA18DF2E258174EF006A52FF /* ThemeProtocol.swift in Sources */,
				EA18DF41258189CA006A52FF /* LightTheme.swift in Sources */,
				EA18DF43258189D7006A52FF /* DarkTheme.swift in Sources */,
				EA9212E5256E3004003D084E /* ImageOfSlider.swift in Sources */,
				EA8EC73F259C7D0300079B0D /* CardView.swift in Sources */,
				EABAABF6256CE11000F69698 /* ProfileController.swift in Sources */,
				EA8DDCF2257EF11800C3A38C /* GADTTemplateView.m in Sources */,
				EA9394672577BEB000EB6EDF /* ActionController.swift in Sources */,
				EA90E2A1256BC06700C473B8 /* ModelFireBaseDB.swift in Sources */,
				EA18DF3725818429006A52FF /* AsanaController.swift in Sources */,
				EA8DDCBE257EBDA600C3A38C /* MainListTableAdCell.swift in Sources */,
				EA95FC6E258155DF0045AC33 /* UIImageViewExtension.swift in Sources */,
				EA62081E2574E55500B46D35 /* ProtocolClickCollectionCell.swift in Sources */,
				EA8E46ED259B6311000CAD12 /* ViewClickBtnDelegate.swift in Sources */,
				EA8DDCF0257EF11800C3A38C /* GADTSmallTemplateView.m in Sources */,
				EA975DF5256AD4CC0094C4B6 /* MainListTableCardCell.swift in Sources */,
				EA8D867A258398AE00ABD6CF /* CongratulationsViewController.swift in Sources */,
				EA56E8AF25799090005C2D3C /* OpenImageInCard.swift in Sources */,
				EA90E29F256BB34300C473B8 /* AuthController.swift in Sources */,
				EAF909F72562A003006E6C55 /* ViewController.swift in Sources */,
				EAF909F32562A003006E6C55 /* AppDelegate.swift in Sources */,
				EA18DF2C2581745E006A52FF /* Theme.swift in Sources */,
				EA18DF3C25818790006A52FF /* ColorsProtocol.swift in Sources */,
				EA18DF3F25818902006A52FF /* DefaultColors.swift in Sources */,
				EA93946525779FB600EB6EDF /* FavoriteViewController.swift in Sources */,
				EAF909F52562A003006E6C55 /* SceneDelegate.swift in Sources */,
			);
			runOnlyForDeploymentPostprocessing = 0;
		};
/* End PBXSourcesBuildPhase section */

/* Begin PBXVariantGroup section */
		EAF909FD2562A005006E6C55 /* LaunchScreen.storyboard */ = {
			isa = PBXVariantGroup;
			children = (
				EAF909FE2562A005006E6C55 /* Base */,
			);
			name = LaunchScreen.storyboard;
			sourceTree = "<group>";
			usesTabs = 0;
		};
/* End PBXVariantGroup section */

/* Begin XCBuildConfiguration section */
		EAF90A012562A005006E6C55 /* Debug */ = {
			isa = XCBuildConfiguration;
			buildSettings = {
				ALWAYS_SEARCH_USER_PATHS = NO;
				CLANG_ANALYZER_NONNULL = YES;
				CLANG_ANALYZER_NUMBER_OBJECT_CONVERSION = YES_AGGRESSIVE;
				CLANG_CXX_LANGUAGE_STANDARD = "gnu++14";
				CLANG_CXX_LIBRARY = "libc++";
				CLANG_ENABLE_MODULES = YES;
				CLANG_ENABLE_OBJC_ARC = YES;
				CLANG_ENABLE_OBJC_WEAK = YES;
				CLANG_WARN_BLOCK_CAPTURE_AUTORELEASING = YES;
				CLANG_WARN_BOOL_CONVERSION = YES;
				CLANG_WARN_COMMA = YES;
				CLANG_WARN_CONSTANT_CONVERSION = YES;
				CLANG_WARN_DEPRECATED_OBJC_IMPLEMENTATIONS = YES;
				CLANG_WARN_DIRECT_OBJC_ISA_USAGE = YES_ERROR;
				CLANG_WARN_DOCUMENTATION_COMMENTS = YES;
				CLANG_WARN_EMPTY_BODY = YES;
				CLANG_WARN_ENUM_CONVERSION = YES;
				CLANG_WARN_INFINITE_RECURSION = YES;
				CLANG_WARN_INT_CONVERSION = YES;
				CLANG_WARN_NON_LITERAL_NULL_CONVERSION = YES;
				CLANG_WARN_OBJC_IMPLICIT_RETAIN_SELF = YES;
				CLANG_WARN_OBJC_LITERAL_CONVERSION = YES;
				CLANG_WARN_OBJC_ROOT_CLASS = YES_ERROR;
				CLANG_WARN_RANGE_LOOP_ANALYSIS = YES;
				CLANG_WARN_STRICT_PROTOTYPES = YES;
				CLANG_WARN_SUSPICIOUS_MOVE = YES;
				CLANG_WARN_UNGUARDED_AVAILABILITY = YES_AGGRESSIVE;
				CLANG_WARN_UNREACHABLE_CODE = YES;
				CLANG_WARN__DUPLICATE_METHOD_MATCH = YES;
				COPY_PHASE_STRIP = NO;
				DEBUG_INFORMATION_FORMAT = dwarf;
				ENABLE_STRICT_OBJC_MSGSEND = YES;
				ENABLE_TESTABILITY = YES;
				GCC_C_LANGUAGE_STANDARD = gnu11;
				GCC_DYNAMIC_NO_PIC = NO;
				GCC_NO_COMMON_BLOCKS = YES;
				GCC_OPTIMIZATION_LEVEL = 0;
				GCC_PREPROCESSOR_DEFINITIONS = (
					"DEBUG=1",
					"$(inherited)",
				);
				GCC_WARN_64_TO_32_BIT_CONVERSION = YES;
				GCC_WARN_ABOUT_RETURN_TYPE = YES_ERROR;
				GCC_WARN_UNDECLARED_SELECTOR = YES;
				GCC_WARN_UNINITIALIZED_AUTOS = YES_AGGRESSIVE;
				GCC_WARN_UNUSED_FUNCTION = YES;
				GCC_WARN_UNUSED_VARIABLE = YES;
				IPHONEOS_DEPLOYMENT_TARGET = 13.6;
				MTL_ENABLE_DEBUG_INFO = INCLUDE_SOURCE;
				MTL_FAST_MATH = YES;
				ONLY_ACTIVE_ARCH = YES;
				SDKROOT = iphoneos;
				SHAVA = asuna09;
				SWIFT_ACTIVE_COMPILATION_CONDITIONS = DEBUG;
				SWIFT_OPTIMIZATION_LEVEL = "-Onone";
			};
			name = Debug;
		};
		EAF90A022562A005006E6C55 /* Release */ = {
			isa = XCBuildConfiguration;
			buildSettings = {
				ALWAYS_SEARCH_USER_PATHS = NO;
				CLANG_ANALYZER_NONNULL = YES;
				CLANG_ANALYZER_NUMBER_OBJECT_CONVERSION = YES_AGGRESSIVE;
				CLANG_CXX_LANGUAGE_STANDARD = "gnu++14";
				CLANG_CXX_LIBRARY = "libc++";
				CLANG_ENABLE_MODULES = YES;
				CLANG_ENABLE_OBJC_ARC = YES;
				CLANG_ENABLE_OBJC_WEAK = YES;
				CLANG_WARN_BLOCK_CAPTURE_AUTORELEASING = YES;
				CLANG_WARN_BOOL_CONVERSION = YES;
				CLANG_WARN_COMMA = YES;
				CLANG_WARN_CONSTANT_CONVERSION = YES;
				CLANG_WARN_DEPRECATED_OBJC_IMPLEMENTATIONS = YES;
				CLANG_WARN_DIRECT_OBJC_ISA_USAGE = YES_ERROR;
				CLANG_WARN_DOCUMENTATION_COMMENTS = YES;
				CLANG_WARN_EMPTY_BODY = YES;
				CLANG_WARN_ENUM_CONVERSION = YES;
				CLANG_WARN_INFINITE_RECURSION = YES;
				CLANG_WARN_INT_CONVERSION = YES;
				CLANG_WARN_NON_LITERAL_NULL_CONVERSION = YES;
				CLANG_WARN_OBJC_IMPLICIT_RETAIN_SELF = YES;
				CLANG_WARN_OBJC_LITERAL_CONVERSION = YES;
				CLANG_WARN_OBJC_ROOT_CLASS = YES_ERROR;
				CLANG_WARN_RANGE_LOOP_ANALYSIS = YES;
				CLANG_WARN_STRICT_PROTOTYPES = YES;
				CLANG_WARN_SUSPICIOUS_MOVE = YES;
				CLANG_WARN_UNGUARDED_AVAILABILITY = YES_AGGRESSIVE;
				CLANG_WARN_UNREACHABLE_CODE = YES;
				CLANG_WARN__DUPLICATE_METHOD_MATCH = YES;
				COPY_PHASE_STRIP = NO;
				DEBUG_INFORMATION_FORMAT = "dwarf-with-dsym";
				ENABLE_NS_ASSERTIONS = NO;
				ENABLE_STRICT_OBJC_MSGSEND = YES;
				GCC_C_LANGUAGE_STANDARD = gnu11;
				GCC_NO_COMMON_BLOCKS = YES;
				GCC_WARN_64_TO_32_BIT_CONVERSION = YES;
				GCC_WARN_ABOUT_RETURN_TYPE = YES_ERROR;
				GCC_WARN_UNDECLARED_SELECTOR = YES;
				GCC_WARN_UNINITIALIZED_AUTOS = YES_AGGRESSIVE;
				GCC_WARN_UNUSED_FUNCTION = YES;
				GCC_WARN_UNUSED_VARIABLE = YES;
				IPHONEOS_DEPLOYMENT_TARGET = 13.6;
				MTL_ENABLE_DEBUG_INFO = NO;
				MTL_FAST_MATH = YES;
				SDKROOT = iphoneos;
				SHAVA = asuna09;
				SWIFT_COMPILATION_MODE = wholemodule;
				SWIFT_OPTIMIZATION_LEVEL = "-O";
				VALIDATE_PRODUCT = YES;
			};
			name = Release;
		};
		EAF90A042562A005006E6C55 /* Debug */ = {
			isa = XCBuildConfiguration;
			baseConfigurationReference = 4F652CD393A85892FC1F7169 /* Pods-YogaApp.debug.xcconfig */;
			buildSettings = {
				ASSETCATALOG_COMPILER_APPICON_NAME = AppIcon;
				CODE_SIGN_STYLE = Automatic;
				DEVELOPMENT_TEAM = 47RD4QFDAD;
				INFOPLIST_FILE = YogaApp/Info.plist;
				LD_RUNPATH_SEARCH_PATHS = (
					"$(inherited)",
					"@executable_path/Frameworks",
				);
				PRODUCT_BUNDLE_IDENTIFIER = com.gwtcoder.YogaApp;
				PRODUCT_NAME = "$(TARGET_NAME)";
				SWIFT_OBJC_BRIDGING_HEADER = YogaApp/YogaApp_BridgingHeader.h;
				SWIFT_VERSION = 5.0;
				TARGETED_DEVICE_FAMILY = "1,2";
			};
			name = Debug;
		};
		EAF90A052562A005006E6C55 /* Release */ = {
			isa = XCBuildConfiguration;
			baseConfigurationReference = 6CCC199813E8618DA27FCEB4 /* Pods-YogaApp.release.xcconfig */;
			buildSettings = {
				ASSETCATALOG_COMPILER_APPICON_NAME = AppIcon;
				CODE_SIGN_STYLE = Automatic;
				DEVELOPMENT_TEAM = 47RD4QFDAD;
				INFOPLIST_FILE = YogaApp/Info.plist;
				LD_RUNPATH_SEARCH_PATHS = (
					"$(inherited)",
					"@executable_path/Frameworks",
				);
				PRODUCT_BUNDLE_IDENTIFIER = com.gwtcoder.YogaApp;
				PRODUCT_NAME = "$(TARGET_NAME)";
				SWIFT_OBJC_BRIDGING_HEADER = YogaApp/YogaApp_BridgingHeader.h;
				SWIFT_VERSION = 5.0;
				TARGETED_DEVICE_FAMILY = "1,2";
			};
			name = Release;
		};
/* End XCBuildConfiguration section */

/* Begin XCConfigurationList section */
		EAF909EA2562A003006E6C55 /* Build configuration list for PBXProject "YogaApp" */ = {
			isa = XCConfigurationList;
			buildConfigurations = (
				EAF90A012562A005006E6C55 /* Debug */,
				EAF90A022562A005006E6C55 /* Release */,
			);
			defaultConfigurationIsVisible = 0;
			defaultConfigurationName = Release;
		};
		EAF90A032562A005006E6C55 /* Build configuration list for PBXNativeTarget "YogaApp" */ = {
			isa = XCConfigurationList;
			buildConfigurations = (
				EAF90A042562A005006E6C55 /* Debug */,
				EAF90A052562A005006E6C55 /* Release */,
			);
			defaultConfigurationIsVisible = 0;
			defaultConfigurationName = Release;
		};
/* End XCConfigurationList section */
	};
	rootObject = EAF909E72562A003006E6C55 /* Project object */;
}
